
Microsoft Visual Studio Solution File, Format Version 12.00
# Visual Studio Version 16
VisualStudioVersion = 16.0.28803.156
MinimumVisualStudioVersion = 10.0.40219.1
Project("{FAE04EC0-301F-11D3-BF4B-00C04F79EFBC}") = "oanda_dotnet", "oanda_dotnet\oanda_dotnet.csproj", "{5B6E8C04-1426-4909-AC0F-CFC06703EE0F}"
EndProject
Project("{FAE04EC0-301F-11D3-BF4B-00C04F79EFBC}") = "oanda_dotnet.test", "oanda_dotnet.test\oanda_dotnet.test.csproj", "{456D14FB-D130-4414-B2D8-D723EE7CAF11}"
EndProject
Global
	GlobalSection(SolutionConfigurationPlatforms) = preSolution
		Debug|Any CPU = Debug|Any CPU
		Release|Any CPU = Release|Any CPU
	EndGlobalSection
	GlobalSection(ProjectConfigurationPlatforms) = postSolution
		{5B6E8C04-1426-4909-AC0F-CFC06703EE0F}.Debug|Any CPU.ActiveCfg = Debug|Any CPU
		{5B6E8C04-1426-4909-AC0F-CFC06703EE0F}.Debug|Any CPU.Build.0 = Debug|Any CPU
		{5B6E8C04-1426-4909-AC0F-CFC06703EE0F}.Release|Any CPU.ActiveCfg = Release|Any CPU
		{5B6E8C04-1426-4909-AC0F-CFC06703EE0F}.Release|Any CPU.Build.0 = Release|Any CPU
		{456D14FB-D130-4414-B2D8-D723EE7CAF11}.Debug|Any CPU.ActiveCfg = Debug|Any CPU
		{456D14FB-D130-4414-B2D8-D723EE7CAF11}.Debug|Any CPU.Build.0 = Debug|Any CPU
		{456D14FB-D130-4414-B2D8-D723EE7CAF11}.Release|Any CPU.ActiveCfg = Release|Any CPU
		{456D14FB-D130-4414-B2D8-D723EE7CAF11}.Release|Any CPU.Build.0 = Release|Any CPU
	EndGlobalSection
	GlobalSection(SolutionProperties) = preSolution
		HideSolutionNode = FALSE
	EndGlobalSection
	GlobalSection(ExtensibilityGlobals) = postSolution
		SolutionGuid = {DA342271-1D87-42A8-BAE6-1E16BC0F6A17}
	EndGlobalSection
EndGlobal
